
Microsoft Visual Studio Solution File, Format Version 12.00
# Visual Studio Version 17
VisualStudioVersion = 17.11.35222.181
MinimumVisualStudioVersion = 10.0.40219.1
Project("{2150E333-8FDC-42A3-9474-1A3956D46DE8}") = "Services", "Services", "{91D463F8-9737-4670-8270-721F585B76A4}"
EndProject
Project("{2150E333-8FDC-42A3-9474-1A3956D46DE8}") = "Catalog", "Catalog", "{D89AAE7B-F138-481D-883B-13A547837BA3}"
EndProject
Project("{FAE04EC0-301F-11D3-BF4B-00C04F79EFBC}") = "Catalog.API", "Services\Catalog\Catalog.API\Catalog.API.csproj", "{98A4B476-2C94-4263-B10A-3C6A4CEA9E1C}"
EndProject
Global
	GlobalSection(SolutionConfigurationPlatforms) = preSolution
		Debug|Any CPU = Debug|Any CPU
		Release|Any CPU = Release|Any CPU
	EndGlobalSection
	GlobalSection(ProjectConfigurationPlatforms) = postSolution
		{98A4B476-2C94-4263-B10A-3C6A4CEA9E1C}.Debug|Any CPU.ActiveCfg = Debug|Any CPU
		{98A4B476-2C94-4263-B10A-3C6A4CEA9E1C}.Debug|Any CPU.Build.0 = Debug|Any CPU
		{98A4B476-2C94-4263-B10A-3C6A4CEA9E1C}.Release|Any CPU.ActiveCfg = Release|Any CPU
		{98A4B476-2C94-4263-B10A-3C6A4CEA9E1C}.Release|Any CPU.Build.0 = Release|Any CPU
	EndGlobalSection
	GlobalSection(SolutionProperties) = preSolution
		HideSolutionNode = FALSE
	EndGlobalSection
	GlobalSection(NestedProjects) = preSolution
		{D89AAE7B-F138-481D-883B-13A547837BA3} = {91D463F8-9737-4670-8270-721F585B76A4}
		{98A4B476-2C94-4263-B10A-3C6A4CEA9E1C} = {D89AAE7B-F138-481D-883B-13A547837BA3}
	EndGlobalSection
	GlobalSection(ExtensibilityGlobals) = postSolution
		SolutionGuid = {23C73526-58DD-4E68-BFEA-B5CD5EA3DCBC}
	EndGlobalSection
EndGlobal
