
Microsoft Visual Studio Solution File, Format Version 12.00
# Visual Studio Version 17
VisualStudioVersion = 17.11.35222.181
MinimumVisualStudioVersion = 10.0.40219.1
Project("{2150E333-8FDC-42A3-9474-1A3956D46DE8}") = "Services", "Services", "{91D463F8-9737-4670-8270-721F585B76A4}"
EndProject
Project("{2150E333-8FDC-42A3-9474-1A3956D46DE8}") = "Catalog", "Catalog", "{D89AAE7B-F138-481D-883B-13A547837BA3}"
EndProject
Project("{9A19103F-16F7-4668-BE54-9A1E7A4F7556}") = "Catalog.API", "Services\Catalog\Catalog.API\Catalog.API.csproj", "{98A4B476-2C94-4263-B10A-3C6A4CEA9E1C}"
EndProject
Project("{2150E333-8FDC-42A3-9474-1A3956D46DE8}") = "BuildingBlocks", "BuildingBlocks", "{C69D38FE-73E7-4637-B460-1F35D40362FB}"
EndProject
Project("{9A19103F-16F7-4668-BE54-9A1E7A4F7556}") = "BuildingBlocks", "BuildingBlocks\BuildingBlocks\BuildingBlocks.csproj", "{44CB384B-0AFD-4733-9ABB-FC463FEA87B3}"
EndProject
Project("{E53339B2-1760-4266-BCC7-CA923CBCF16C}") = "docker-compose", "docker-compose.dcproj", "{53209934-CCBA-4F9A-9CAF-5C13BB02AF99}"
EndProject
Global
	GlobalSection(SolutionConfigurationPlatforms) = preSolution
		Debug|Any CPU = Debug|Any CPU
		NoVariablesDefault|Any CPU = NoVariablesDefault|Any CPU
		Release|Any CPU = Release|Any CPU
	EndGlobalSection
	GlobalSection(ProjectConfigurationPlatforms) = postSolution
		{98A4B476-2C94-4263-B10A-3C6A4CEA9E1C}.Debug|Any CPU.ActiveCfg = Debug|Any CPU
		{98A4B476-2C94-4263-B10A-3C6A4CEA9E1C}.Debug|Any CPU.Build.0 = Debug|Any CPU
		{98A4B476-2C94-4263-B10A-3C6A4CEA9E1C}.NoVariablesDefault|Any CPU.ActiveCfg = Release|Any CPU
		{98A4B476-2C94-4263-B10A-3C6A4CEA9E1C}.NoVariablesDefault|Any CPU.Build.0 = Release|Any CPU
		{98A4B476-2C94-4263-B10A-3C6A4CEA9E1C}.Release|Any CPU.ActiveCfg = Release|Any CPU
		{98A4B476-2C94-4263-B10A-3C6A4CEA9E1C}.Release|Any CPU.Build.0 = Release|Any CPU
		{44CB384B-0AFD-4733-9ABB-FC463FEA87B3}.Debug|Any CPU.ActiveCfg = Debug|Any CPU
		{44CB384B-0AFD-4733-9ABB-FC463FEA87B3}.Debug|Any CPU.Build.0 = Debug|Any CPU
		{44CB384B-0AFD-4733-9ABB-FC463FEA87B3}.NoVariablesDefault|Any CPU.ActiveCfg = Release|Any CPU
		{44CB384B-0AFD-4733-9ABB-FC463FEA87B3}.NoVariablesDefault|Any CPU.Build.0 = Release|Any CPU
		{44CB384B-0AFD-4733-9ABB-FC463FEA87B3}.Release|Any CPU.ActiveCfg = Release|Any CPU
		{44CB384B-0AFD-4733-9ABB-FC463FEA87B3}.Release|Any CPU.Build.0 = Release|Any CPU
		{53209934-CCBA-4F9A-9CAF-5C13BB02AF99}.Debug|Any CPU.ActiveCfg = Debug|Any CPU
		{53209934-CCBA-4F9A-9CAF-5C13BB02AF99}.Debug|Any CPU.Build.0 = Debug|Any CPU
		{53209934-CCBA-4F9A-9CAF-5C13BB02AF99}.NoVariablesDefault|Any CPU.ActiveCfg = Release|Any CPU
		{53209934-CCBA-4F9A-9CAF-5C13BB02AF99}.NoVariablesDefault|Any CPU.Build.0 = Release|Any CPU
		{53209934-CCBA-4F9A-9CAF-5C13BB02AF99}.Release|Any CPU.ActiveCfg = Release|Any CPU
		{53209934-CCBA-4F9A-9CAF-5C13BB02AF99}.Release|Any CPU.Build.0 = Release|Any CPU
	EndGlobalSection
	GlobalSection(SolutionProperties) = preSolution
		HideSolutionNode = FALSE
	EndGlobalSection
	GlobalSection(NestedProjects) = preSolution
		{D89AAE7B-F138-481D-883B-13A547837BA3} = {91D463F8-9737-4670-8270-721F585B76A4}
		{98A4B476-2C94-4263-B10A-3C6A4CEA9E1C} = {D89AAE7B-F138-481D-883B-13A547837BA3}
		{44CB384B-0AFD-4733-9ABB-FC463FEA87B3} = {C69D38FE-73E7-4637-B460-1F35D40362FB}
	EndGlobalSection
	GlobalSection(ExtensibilityGlobals) = postSolution
		SolutionGuid = {23C73526-58DD-4E68-BFEA-B5CD5EA3DCBC}
	EndGlobalSection
EndGlobal
